
Microsoft Visual Studio Solution File, Format Version 12.00
# Visual Studio 14
VisualStudioVersion = 14.0.25420.1
MinimumVisualStudioVersion = 10.0.40219.1
Project("{FAE04EC0-301F-11D3-BF4B-00C04F79EFBC}") = "WMS.Entities", "WMS.Entities\WMS.Entities.csproj", "{48242619-EF17-47B0-860B-B1F21914BCC1}"
EndProject
Project("{FAE04EC0-301F-11D3-BF4B-00C04F79EFBC}") = "WMS.DataAccess", "WMS.DataAccess\WMS.DataAccess.csproj", "{FC84A7B3-2970-426C-A35D-C4BD3DD88020}"
EndProject
Project("{FAE04EC0-301F-11D3-BF4B-00C04F79EFBC}") = "WMS.Logic", "WMS.Logic\WMS.Logic.csproj", "{11A733C1-6E7B-4E35-B018-4AE208F50BAB}"
EndProject
Project("{FAE04EC0-301F-11D3-BF4B-00C04F79EFBC}") = "WMS.Libreria", "WMS.Libreria\WMS.Libreria.csproj", "{06CC84DD-FF41-401F-B0BF-CDFFECA6C571}"
EndProject
Project("{2150E333-8FDC-42A3-9474-1A3956D46DE8}") = "1. Librería", "1. Librería", "{E011DF0B-9B3A-4784-B428-C8B3AD1DD708}"
EndProject
Project("{2150E333-8FDC-42A3-9474-1A3956D46DE8}") = "2. Solución", "2. Solución", "{9A618D88-E6E2-4D65-A368-293623658E55}"
EndProject
Project("{FAE04EC0-301F-11D3-BF4B-00C04F79EFBC}") = "WMS.Tareo", "WMS.Tareo\WMS.Tareo.csproj", "{61C37AA0-7F52-42F2-AE6C-1491AADDE489}"
EndProject
Project("{FAE04EC0-301F-11D3-BF4B-00C04F79EFBC}") = "WMS.ProduccionXRecibir", "WMS.ProduccionXRecibir\WMS.ProduccionXRecibir.csproj", "{98187A26-C6B9-4CDD-91CB-B8D120CCA523}"
EndProject
Project("{FAE04EC0-301F-11D3-BF4B-00C04F79EFBC}") = "CleanFile", "CleanFile\CleanFile.csproj", "{D9B5D103-7397-48B2-86DE-0BFC479075C9}"
EndProject
Project("{FAE04EC0-301F-11D3-BF4B-00C04F79EFBC}") = "WMS.GuiasXConfirmar", "WMS.GuiasXConfirmar\WMS.GuiasXConfirmar.csproj", "{7E6FEC5D-972B-4002-9AC7-320AAE6DB7E0}"
EndProject
Project("{FAE04EC0-301F-11D3-BF4B-00C04F79EFBC}") = "TESO.NumerosUnicos", "TESO.NumerosUnicos\TESO.NumerosUnicos.csproj", "{5D1095C6-38A0-4A6F-AD0E-095DBF65C0BB}"
EndProject
Project("{FAE04EC0-301F-11D3-BF4B-00C04F79EFBC}") = "TESO.LetrasElectronicas", "TESO.LetrasElectronicas\TESO.LetrasElectronicas.csproj", "{53E59DDE-3230-441C-BC9E-899904DD45AD}"
EndProject
Project("{FAE04EC0-301F-11D3-BF4B-00C04F79EFBC}") = "TESO.FacturacionSUNAT", "TESO.FacturacionSUNAT\TESO.FacturacionSUNAT.csproj", "{CD5F9520-3F0E-4449-9B8F-FD6B9896F0EA}"
EndProject
Project("{FAE04EC0-301F-11D3-BF4B-00C04F79EFBC}") = "TESO.Amerra_Docs", "TESO.Amerra_Docs\TESO.Amerra_Docs.csproj", "{72BE2A74-C7AC-456C-8618-9376D717AB5E}"
EndProject
Project("{FAE04EC0-301F-11D3-BF4B-00C04F79EFBC}") = "TESO.LetrasEnvioEmail", "TESO.LetrasEnvioEmail\TESO.LetrasEnvioEmail.csproj", "{E21A979A-F877-43C7-AD5B-F850930384E7}"
EndProject
Global
	GlobalSection(SolutionConfigurationPlatforms) = preSolution
		Debug|Any CPU = Debug|Any CPU
		Release|Any CPU = Release|Any CPU
	EndGlobalSection
	GlobalSection(ProjectConfigurationPlatforms) = postSolution
		{48242619-EF17-47B0-860B-B1F21914BCC1}.Debug|Any CPU.ActiveCfg = Debug|Any CPU
		{48242619-EF17-47B0-860B-B1F21914BCC1}.Debug|Any CPU.Build.0 = Debug|Any CPU
		{48242619-EF17-47B0-860B-B1F21914BCC1}.Release|Any CPU.ActiveCfg = Release|Any CPU
		{48242619-EF17-47B0-860B-B1F21914BCC1}.Release|Any CPU.Build.0 = Release|Any CPU
		{FC84A7B3-2970-426C-A35D-C4BD3DD88020}.Debug|Any CPU.ActiveCfg = Debug|Any CPU
		{FC84A7B3-2970-426C-A35D-C4BD3DD88020}.Debug|Any CPU.Build.0 = Debug|Any CPU
		{FC84A7B3-2970-426C-A35D-C4BD3DD88020}.Release|Any CPU.ActiveCfg = Release|Any CPU
		{FC84A7B3-2970-426C-A35D-C4BD3DD88020}.Release|Any CPU.Build.0 = Release|Any CPU
		{11A733C1-6E7B-4E35-B018-4AE208F50BAB}.Debug|Any CPU.ActiveCfg = Debug|Any CPU
		{11A733C1-6E7B-4E35-B018-4AE208F50BAB}.Debug|Any CPU.Build.0 = Debug|Any CPU
		{11A733C1-6E7B-4E35-B018-4AE208F50BAB}.Release|Any CPU.ActiveCfg = Release|Any CPU
		{11A733C1-6E7B-4E35-B018-4AE208F50BAB}.Release|Any CPU.Build.0 = Release|Any CPU
		{06CC84DD-FF41-401F-B0BF-CDFFECA6C571}.Debug|Any CPU.ActiveCfg = Debug|Any CPU
		{06CC84DD-FF41-401F-B0BF-CDFFECA6C571}.Debug|Any CPU.Build.0 = Debug|Any CPU
		{06CC84DD-FF41-401F-B0BF-CDFFECA6C571}.Release|Any CPU.ActiveCfg = Release|Any CPU
		{06CC84DD-FF41-401F-B0BF-CDFFECA6C571}.Release|Any CPU.Build.0 = Release|Any CPU
		{61C37AA0-7F52-42F2-AE6C-1491AADDE489}.Debug|Any CPU.ActiveCfg = Debug|Any CPU
		{61C37AA0-7F52-42F2-AE6C-1491AADDE489}.Debug|Any CPU.Build.0 = Debug|Any CPU
		{61C37AA0-7F52-42F2-AE6C-1491AADDE489}.Release|Any CPU.ActiveCfg = Release|Any CPU
		{61C37AA0-7F52-42F2-AE6C-1491AADDE489}.Release|Any CPU.Build.0 = Release|Any CPU
		{98187A26-C6B9-4CDD-91CB-B8D120CCA523}.Debug|Any CPU.ActiveCfg = Debug|Any CPU
		{98187A26-C6B9-4CDD-91CB-B8D120CCA523}.Debug|Any CPU.Build.0 = Debug|Any CPU
		{98187A26-C6B9-4CDD-91CB-B8D120CCA523}.Release|Any CPU.ActiveCfg = Release|Any CPU
		{98187A26-C6B9-4CDD-91CB-B8D120CCA523}.Release|Any CPU.Build.0 = Release|Any CPU
		{D9B5D103-7397-48B2-86DE-0BFC479075C9}.Debug|Any CPU.ActiveCfg = Debug|Any CPU
		{D9B5D103-7397-48B2-86DE-0BFC479075C9}.Debug|Any CPU.Build.0 = Debug|Any CPU
		{D9B5D103-7397-48B2-86DE-0BFC479075C9}.Release|Any CPU.ActiveCfg = Release|Any CPU
		{D9B5D103-7397-48B2-86DE-0BFC479075C9}.Release|Any CPU.Build.0 = Release|Any CPU
		{7E6FEC5D-972B-4002-9AC7-320AAE6DB7E0}.Debug|Any CPU.ActiveCfg = Debug|Any CPU
		{7E6FEC5D-972B-4002-9AC7-320AAE6DB7E0}.Debug|Any CPU.Build.0 = Debug|Any CPU
		{7E6FEC5D-972B-4002-9AC7-320AAE6DB7E0}.Release|Any CPU.ActiveCfg = Release|Any CPU
		{7E6FEC5D-972B-4002-9AC7-320AAE6DB7E0}.Release|Any CPU.Build.0 = Release|Any CPU
		{5D1095C6-38A0-4A6F-AD0E-095DBF65C0BB}.Debug|Any CPU.ActiveCfg = Debug|Any CPU
		{5D1095C6-38A0-4A6F-AD0E-095DBF65C0BB}.Debug|Any CPU.Build.0 = Debug|Any CPU
		{5D1095C6-38A0-4A6F-AD0E-095DBF65C0BB}.Release|Any CPU.ActiveCfg = Release|Any CPU
		{5D1095C6-38A0-4A6F-AD0E-095DBF65C0BB}.Release|Any CPU.Build.0 = Release|Any CPU
		{53E59DDE-3230-441C-BC9E-899904DD45AD}.Debug|Any CPU.ActiveCfg = Debug|Any CPU
		{53E59DDE-3230-441C-BC9E-899904DD45AD}.Debug|Any CPU.Build.0 = Debug|Any CPU
		{53E59DDE-3230-441C-BC9E-899904DD45AD}.Release|Any CPU.ActiveCfg = Release|Any CPU
		{53E59DDE-3230-441C-BC9E-899904DD45AD}.Release|Any CPU.Build.0 = Release|Any CPU
		{CD5F9520-3F0E-4449-9B8F-FD6B9896F0EA}.Debug|Any CPU.ActiveCfg = Debug|Any CPU
		{CD5F9520-3F0E-4449-9B8F-FD6B9896F0EA}.Debug|Any CPU.Build.0 = Debug|Any CPU
		{CD5F9520-3F0E-4449-9B8F-FD6B9896F0EA}.Release|Any CPU.ActiveCfg = Release|Any CPU
		{CD5F9520-3F0E-4449-9B8F-FD6B9896F0EA}.Release|Any CPU.Build.0 = Release|Any CPU
		{72BE2A74-C7AC-456C-8618-9376D717AB5E}.Debug|Any CPU.ActiveCfg = Debug|Any CPU
		{72BE2A74-C7AC-456C-8618-9376D717AB5E}.Debug|Any CPU.Build.0 = Debug|Any CPU
		{72BE2A74-C7AC-456C-8618-9376D717AB5E}.Release|Any CPU.ActiveCfg = Release|Any CPU
		{72BE2A74-C7AC-456C-8618-9376D717AB5E}.Release|Any CPU.Build.0 = Release|Any CPU
		{E21A979A-F877-43C7-AD5B-F850930384E7}.Debug|Any CPU.ActiveCfg = Debug|Any CPU
		{E21A979A-F877-43C7-AD5B-F850930384E7}.Debug|Any CPU.Build.0 = Debug|Any CPU
		{E21A979A-F877-43C7-AD5B-F850930384E7}.Release|Any CPU.ActiveCfg = Release|Any CPU
		{E21A979A-F877-43C7-AD5B-F850930384E7}.Release|Any CPU.Build.0 = Release|Any CPU
	EndGlobalSection
	GlobalSection(SolutionProperties) = preSolution
		HideSolutionNode = FALSE
	EndGlobalSection
	GlobalSection(NestedProjects) = preSolution
		{48242619-EF17-47B0-860B-B1F21914BCC1} = {9A618D88-E6E2-4D65-A368-293623658E55}
		{FC84A7B3-2970-426C-A35D-C4BD3DD88020} = {9A618D88-E6E2-4D65-A368-293623658E55}
		{11A733C1-6E7B-4E35-B018-4AE208F50BAB} = {9A618D88-E6E2-4D65-A368-293623658E55}
		{06CC84DD-FF41-401F-B0BF-CDFFECA6C571} = {E011DF0B-9B3A-4784-B428-C8B3AD1DD708}
		{61C37AA0-7F52-42F2-AE6C-1491AADDE489} = {9A618D88-E6E2-4D65-A368-293623658E55}
		{98187A26-C6B9-4CDD-91CB-B8D120CCA523} = {9A618D88-E6E2-4D65-A368-293623658E55}
		{D9B5D103-7397-48B2-86DE-0BFC479075C9} = {9A618D88-E6E2-4D65-A368-293623658E55}
		{7E6FEC5D-972B-4002-9AC7-320AAE6DB7E0} = {9A618D88-E6E2-4D65-A368-293623658E55}
		{5D1095C6-38A0-4A6F-AD0E-095DBF65C0BB} = {9A618D88-E6E2-4D65-A368-293623658E55}
		{53E59DDE-3230-441C-BC9E-899904DD45AD} = {9A618D88-E6E2-4D65-A368-293623658E55}
		{CD5F9520-3F0E-4449-9B8F-FD6B9896F0EA} = {9A618D88-E6E2-4D65-A368-293623658E55}
		{72BE2A74-C7AC-456C-8618-9376D717AB5E} = {9A618D88-E6E2-4D65-A368-293623658E55}
		{E21A979A-F877-43C7-AD5B-F850930384E7} = {9A618D88-E6E2-4D65-A368-293623658E55}
	EndGlobalSection
	GlobalSection(ExtensibilityGlobals) = postSolution
		SolutionGuid = {AA83484D-C3F5-46C3-8CE5-E8DDD72A112F}
	EndGlobalSection
EndGlobal
